Microsoft Visual Studio Solution File, Format Version 12.00
# Visual Studio Version 17
VisualStudioVersion = 17.5.2.0
MinimumVisualStudioVersion = 10.0.40219.1
Project("{FAE04EC0-301F-11D3-BF4B-00C04F79EFBC}") = "patter_singleton", "patter_singleton.csproj", "{BE412797-F7F0-0C55-B0C7-1EECE30D792D}"
EndProject
Global
	GlobalSection(SolutionConfigurationPlatforms) = preSolution
		Debug|Any CPU = Debug|Any CPU
		Release|Any CPU = Release|Any CPU
	EndGlobalSection
	GlobalSection(ProjectConfigurationPlatforms) = postSolution
		{BE412797-F7F0-0C55-B0C7-1EECE30D792D}.Debug|Any CPU.ActiveCfg = Debug|Any CPU
		{BE412797-F7F0-0C55-B0C7-1EECE30D792D}.Debug|Any CPU.Build.0 = Debug|Any CPU
		{BE412797-F7F0-0C55-B0C7-1EECE30D792D}.Release|Any CPU.ActiveCfg = Release|Any CPU
		{BE412797-F7F0-0C55-B0C7-1EECE30D792D}.Release|Any CPU.Build.0 = Release|Any CPU
	EndGlobalSection
	GlobalSection(SolutionProperties) = preSolution
		HideSolutionNode = FALSE
	EndGlobalSection
	GlobalSection(ExtensibilityGlobals) = postSolution
		SolutionGuid = {D4C066B6-4BF7-41C6-9F04-0FDEDE5929AC}
	EndGlobalSection
EndGlobal
